<?xml version="1.0" encoding="utf-8"?>
<Project ToolsVersion="4.0" xmlns="http://schemas.microsoft.com/developer/msbuild/2003">
  <ItemGroup>
    <Filter Include="소스 파일">
      <UniqueIdentifier>{4FC737F1-C7A5-4376-A066-2A32D752A2FF}</UniqueIdentifier>
      <Extensions>cpp;c;cc;cxx;c++;cppm;ixx;def;odl;idl;hpj;bat;asm;asmx</Extensions>
    </Filter>
    <Filter Include="헤더 파일">
      <UniqueIdentifier>{93995380-89BD-4b04-88EB-625FBE52EBFB}</UniqueIdentifier>
      <Extensions>h;hh;hpp;hxx;h++;hm;inl;inc;ipp;xsd</Extensions>
    </Filter>
    <Filter Include="리소스 파일">
      <UniqueIdentifier>{67DA6AB6-F800-4c08-8B7A-83BB121AAD01}</UniqueIdentifier>
      <Extensions>rc;ico;cur;bmp;dlg;rc2;rct;bin;rgs;gif;jpg;jpeg;jpe;resx;tiff;tif;png;wav;mfcribbon-ms</Extensions>
    </Filter>
    <Filter Include="소스 파일\2주차_실습">
      <UniqueIdentifier>{c9ade7f2-6e46-43a7-be87-fd9c47e1f6f4}</UniqueIdentifier>
    </Filter>
    <Filter Include="소스 파일\1주차_실습">
      <UniqueIdentifier>{7292ad5d-e960-48c8-a7bf-e46c32e7d57d}</UniqueIdentifier>
    </Filter>
    <Filter Include="소스 파일\3주차_실습">
      <UniqueIdentifier>{a1479c35-7ce1-4d0a-970f-08301fa445ad}</UniqueIdentifier>
    </Filter>
    <Filter Include="소스 파일\4주차_실습">
      <UniqueIdentifier>{7a7033cb-bd42-4d0f-873a-1a4a761ed4e6}</UniqueIdentifier>
    </Filter>
    <Filter Include="소스 파일\5주차_실습">
      <UniqueIdentifier>{78ec770f-97fb-4815-9c56-6b4e65361d42}</UniqueIdentifier>
    </Filter>
    <Filter Include="소스 파일\6주차_실습">
      <UniqueIdentifier>{7a240ea0-0574-4361-8077-a3b7841f5822}</UniqueIdentifier>
    </Filter>
    <Filter Include="소스 파일\7주차_실습">
      <UniqueIdentifier>{69d69fcf-71cf-4281-a65e-33d0717600bc}</UniqueIdentifier>
    </Filter>
  </ItemGroup>
  <ItemGroup>
    <ClCompile Include="02_practice01.cpp">
      <Filter>소스 파일\2주차_실습</Filter>
    </ClCompile>
    <ClCompile Include="02_practice02.cpp">
      <Filter>소스 파일\2주차_실습</Filter>
    </ClCompile>
    <ClCompile Include="02_practice03.c">
      <Filter>소스 파일\2주차_실습</Filter>
    </ClCompile>
    <ClCompile Include="02_practice03.cpp">
      <Filter>소스 파일\2주차_실습</Filter>
    </ClCompile>
    <ClCompile Include="02_practice04.cpp">
      <Filter>소스 파일\2주차_실습</Filter>
    </ClCompile>
    <ClCompile Include="02_practice05.cpp">
      <Filter>소스 파일\2주차_실습</Filter>
    </ClCompile>
    <ClCompile Include="debugging.cpp">
      <Filter>소스 파일\1주차_실습</Filter>
    </ClCompile>
    <ClCompile Include="helloWorld.cpp">
      <Filter>소스 파일\1주차_실습</Filter>
    </ClCompile>
    <ClCompile Include="03_practice01.cpp">
      <Filter>소스 파일\3주차_실습</Filter>
    </ClCompile>
    <ClCompile Include="03_practice02.cpp">
      <Filter>소스 파일\3주차_실습</Filter>
    </ClCompile>
    <ClCompile Include="03_practice03.cpp">
      <Filter>소스 파일\3주차_실습</Filter>
    </ClCompile>
    <ClCompile Include="03_practice04.cpp">
      <Filter>소스 파일\3주차_실습</Filter>
    </ClCompile>
    <ClCompile Include="03_practice05.cpp">
      <Filter>소스 파일\3주차_실습</Filter>
    </ClCompile>
    <ClCompile Include="03_practice06.cpp">
      <Filter>소스 파일\3주차_실습</Filter>
    </ClCompile>
    <ClCompile Include="03_practice07.cpp">
      <Filter>소스 파일\3주차_실습</Filter>
    </ClCompile>
    <ClCompile Include="03_practice08.cpp">
      <Filter>소스 파일\3주차_실습</Filter>
    </ClCompile>
    <ClCompile Include="04_practice01.cpp">
      <Filter>소스 파일\4주차_실습</Filter>
    </ClCompile>
    <ClCompile Include="04_practice02.cpp">
      <Filter>소스 파일\4주차_실습</Filter>
    </ClCompile>
    <ClCompile Include="04_practice03.cpp">
      <Filter>소스 파일\4주차_실습</Filter>
    </ClCompile>
    <ClCompile Include="04_practice04.cpp">
      <Filter>소스 파일\4주차_실습</Filter>
    </ClCompile>
    <ClCompile Include="04_practice05.cpp">
      <Filter>소스 파일\4주차_실습</Filter>
    </ClCompile>
    <ClCompile Include="04_practice07.cpp">
      <Filter>소스 파일\4주차_실습</Filter>
    </ClCompile>
    <ClCompile Include="04_practice05_1.cpp">
      <Filter>소스 파일\4주차_실습</Filter>
    </ClCompile>
    <ClCompile Include="05_practice01.cpp">
      <Filter>소스 파일\5주차_실습</Filter>
    </ClCompile>
    <ClCompile Include="05_practice02.cpp">
      <Filter>소스 파일\5주차_실습</Filter>
    </ClCompile>
    <ClCompile Include="05_practice03.cpp">
      <Filter>소스 파일\5주차_실습</Filter>
    </ClCompile>
    <ClCompile Include="05_practice04.cpp">
      <Filter>소스 파일\5주차_실습</Filter>
    </ClCompile>
    <ClCompile Include="05_practice05.cpp">
      <Filter>소스 파일\5주차_실습</Filter>
    </ClCompile>
    <ClCompile Include="06_practice01.cpp">
      <Filter>소스 파일\6주차_실습</Filter>
    </ClCompile>
    <ClCompile Include="06_practice02.cpp">
      <Filter>소스 파일\6주차_실습</Filter>
    </ClCompile>
    <ClCompile Include="06_practice03.cpp">
      <Filter>소스 파일\6주차_실습</Filter>
    </ClCompile>
    <ClCompile Include="06_practice04.cpp">
      <Filter>소스 파일\6주차_실습</Filter>
    </ClCompile>
    <ClCompile Include="06_practice05.cpp">
      <Filter>소스 파일\6주차_실습</Filter>
    </ClCompile>
    <ClCompile Include="07_practice01.cpp">
      <Filter>소스 파일\7주차_실습</Filter>
    </ClCompile>
    <ClCompile Include="07_practice02.cpp">
      <Filter>소스 파일\7주차_실습</Filter>
    </ClCompile>
    <ClCompile Include="07_practice03.cpp">
      <Filter>소스 파일\7주차_실습</Filter>
    </ClCompile>
    <ClCompile Include="07_practice04.cpp">
      <Filter>소스 파일\7주차_실습</Filter>
    </ClCompile>
    <ClCompile Include="07_practice05.cpp">
      <Filter>소스 파일\7주차_실습</Filter>
    </ClCompile>
  </ItemGroup>
</Project>